// !$*UTF8*$!
{
	archiveVersion = 1;
	classes = {
	};
	objectVersion = 50;
	objects = {

/* Begin PBXBuildFile section */
		FF16760920A5A6C700185C0F /* AppDelegate.swift in Sources */ = {isa = PBXBuildFile; fileRef = FF16760820A5A6C700185C0F /* AppDelegate.swift */; };
		FF16760E20A5A6C700185C0F /* Main.storyboard in Resources */ = {isa = PBXBuildFile; fileRef = FF16760C20A5A6C700185C0F /* Main.storyboard */; };
		FF16761020A5A6C800185C0F /* Assets.xcassets in Resources */ = {isa = PBXBuildFile; fileRef = FF16760F20A5A6C800185C0F /* Assets.xcassets */; };
		FF16761320A5A6C800185C0F /* LaunchScreen.storyboard in Resources */ = {isa = PBXBuildFile; fileRef = FF16761120A5A6C800185C0F /* LaunchScreen.storyboard */; };
		FF16761D20A5AA2B00185C0F /* ParcelTableViewController.swift in Sources */ = {isa = PBXBuildFile; fileRef = FF16761C20A5AA2B00185C0F /* ParcelTableViewController.swift */; };
		FF16761F20A5AABD00185C0F /* Parcel.swift in Sources */ = {isa = PBXBuildFile; fileRef = FF16761E20A5AABD00185C0F /* Parcel.swift */; };
		FF16762120A5AB3700185C0F /* AddEditParcelTableViewController.swift in Sources */ = {isa = PBXBuildFile; fileRef = FF16762020A5AB3700185C0F /* AddEditParcelTableViewController.swift */; };
		FF16762320A5AB8B00185C0F /* ParcelTableViewCell.swift in Sources */ = {isa = PBXBuildFile; fileRef = FF16762220A5AB8B00185C0F /* ParcelTableViewCell.swift */; };
/* End PBXBuildFile section */

/* Begin PBXFileReference section */
		FF16760520A5A6C700185C0F /* TrackIt.app */ = {isa = PBXFileReference; explicitFileType = wrapper.application; includeInIndex = 0; path = TrackIt.app; sourceTree = BUILT_PRODUCTS_DIR; };
		FF16760820A5A6C700185C0F /* AppDelegate.swift */ = {isa = PBXFileReference; lastKnownFileType = sourcecode.swift; path = AppDelegate.swift; sourceTree = "<group>"; };
		FF16760D20A5A6C700185C0F /* Base */ = {isa = PBXFileReference; lastKnownFileType = file.storyboard; name = Base; path = Base.lproj/Main.storyboard; sourceTree = "<group>"; };
		FF16760F20A5A6C800185C0F /* Assets.xcassets */ = {isa = PBXFileReference; lastKnownFileType = folder.assetcatalog; path = Assets.xcassets; sourceTree = "<group>"; };
		FF16761220A5A6C800185C0F /* Base */ = {isa = PBXFileReference; lastKnownFileType = file.storyboard; name = Base; path = Base.lproj/LaunchScreen.storyboard; sourceTree = "<group>"; };
		FF16761420A5A6C800185C0F /* Info.plist */ = {isa = PBXFileReference; lastKnownFileType = text.plist.xml; path = Info.plist; sourceTree = "<group>"; };
		FF16761C20A5AA2B00185C0F /* ParcelTableViewController.swift */ = {isa = PBXFileReference; lastKnownFileType = sourcecode.swift; path = ParcelTableViewController.swift; sourceTree = "<group>"; };
		FF16761E20A5AABD00185C0F /* Parcel.swift */ = {isa = PBXFileReference; lastKnownFileType = sourcecode.swift; path = Parcel.swift; sourceTree = "<group>"; };
		FF16762020A5AB3700185C0F /* AddEditParcelTableViewController.swift */ = {isa = PBXFileReference; lastKnownFileType = sourcecode.swift; path = AddEditParcelTableViewController.swift; sourceTree = "<group>"; };
		FF16762220A5AB8B00185C0F /* ParcelTableViewCell.swift */ = {isa = PBXFileReference; lastKnownFileType = sourcecode.swift; path = ParcelTableViewCell.swift; sourceTree = "<group>"; };
/* End PBXFileReference section */

/* Begin PBXFrameworksBuildPhase section */
		FF16760220A5A6C700185C0F /* Frameworks */ = {
			isa = PBXFrameworksBuildPhase;
			buildActionMask = 2147483647;
			files = (
			);
			runOnlyForDeploymentPostprocessing = 0;
		};
/* End PBXFrameworksBuildPhase section */

/* Begin PBXGroup section */
		FF1675FC20A5A6C700185C0F = {
			isa = PBXGroup;
			children = (
				FF16760720A5A6C700185C0F /* TrackIt */,
				FF16760620A5A6C700185C0F /* Products */,
			);
			sourceTree = "<group>";
		};
		FF16760620A5A6C700185C0F /* Products */ = {
			isa = PBXGroup;
			children = (
				FF16760520A5A6C700185C0F /* TrackIt.app */,
			);
			name = Products;
			sourceTree = "<group>";
		};
		FF16760720A5A6C700185C0F /* TrackIt */ = {
			isa = PBXGroup;
			children = (
				FF16760820A5A6C700185C0F /* AppDelegate.swift */,
				FF16761E20A5AABD00185C0F /* Parcel.swift */,
				FF16762220A5AB8B00185C0F /* ParcelTableViewCell.swift */,
				FF16762020A5AB3700185C0F /* AddEditParcelTableViewController.swift */,
				FF16761C20A5AA2B00185C0F /* ParcelTableViewController.swift */,
				FF16760C20A5A6C700185C0F /* Main.storyboard */,
				FF16760F20A5A6C800185C0F /* Assets.xcassets */,
				FF16761120A5A6C800185C0F /* LaunchScreen.storyboard */,
				FF16761420A5A6C800185C0F /* Info.plist */,
			);
			path = TrackIt;
			sourceTree = "<group>";
		};
/* End PBXGroup section */

/* Begin PBXNativeTarget section */
		FF16760420A5A6C700185C0F /* TrackIt */ = {
			isa = PBXNativeTarget;
			buildConfigurationList = FF16761720A5A6C800185C0F /* Build configuration list for PBXNativeTarget "TrackIt" */;
			buildPhases = (
				FF16760120A5A6C700185C0F /* Sources */,
				FF16760220A5A6C700185C0F /* Frameworks */,
				FF16760320A5A6C700185C0F /* Resources */,
			);
			buildRules = (
			);
			dependencies = (
			);
			name = TrackIt;
			productName = TrackIt;
			productReference = FF16760520A5A6C700185C0F /* TrackIt.app */;
			productType = "com.apple.product-type.application";
		};
/* End PBXNativeTarget section */

/* Begin PBXProject section */
		FF1675FD20A5A6C700185C0F /* Project object */ = {
			isa = PBXProject;
			attributes = {
				LastSwiftUpdateCheck = 0930;
				LastUpgradeCheck = 0930;
				ORGANIZATIONNAME = "Sergio Blanco";
				TargetAttributes = {
					FF16760420A5A6C700185C0F = {
						CreatedOnToolsVersion = 9.3;
					};
				};
			};
			buildConfigurationList = FF16760020A5A6C700185C0F /* Build configuration list for PBXProject "TrackIt" */;
			compatibilityVersion = "Xcode 9.3";
			developmentRegion = en;
			hasScannedForEncodings = 0;
			knownRegions = (
				en,
				Base,
			);
			mainGroup = FF1675FC20A5A6C700185C0F;
			productRefGroup = FF16760620A5A6C700185C0F /* Products */;
			projectDirPath = "";
			projectRoot = "";
			targets = (
				FF16760420A5A6C700185C0F /* TrackIt */,
			);
		};
/* End PBXProject section */

/* Begin PBXResourcesBuildPhase section */
		FF16760320A5A6C700185C0F /* Resources */ = {
			isa = PBXResourcesBuildPhase;
			buildActionMask = 2147483647;
			files = (
				FF16761320A5A6C800185C0F /* LaunchScreen.storyboard in Resources */,
				FF16761020A5A6C800185C0F /* Assets.xcassets in Resources */,
				FF16760E20A5A6C700185C0F /* Main.storyboard in Resources */,
			);
			runOnlyForDeploymentPostprocessing = 0;
		};
/* End PBXResourcesBuildPhase section */

/* Begin PBXSourcesBuildPhase section */
		FF16760120A5A6C700185C0F /* Sources */ = {
			isa = PBXSourcesBuildPhase;
			buildActionMask = 2147483647;
			files = (
				FF16761F20A5AABD00185C0F /* Parcel.swift in Sources */,
				FF16761D20A5AA2B00185C0F /* ParcelTableViewController.swift in Sources */,
				FF16762320A5AB8B00185C0F /* ParcelTableViewCell.swift in Sources */,
				FF16762120A5AB3700185C0F /* AddEditParcelTableViewController.swift in Sources */,
				FF16760920A5A6C700185C0F /* AppDelegate.swift in Sources */,
			);
			runOnlyForDeploymentPostprocessing = 0;
		};
/* End PBXSourcesBuildPhase section */

/* Begin PBXVariantGroup section */
		FF16760C20A5A6C700185C0F /* Main.storyboard */ = {
			isa = PBXVariantGroup;
			children = (
				FF16760D20A5A6C700185C0F /* Base */,
			);
			name = Main.storyboard;
			sourceTree = "<group>";
		};
		FF16761120A5A6C800185C0F /* LaunchScreen.storyboard */ = {
			isa = PBXVariantGroup;
			children = (
				FF16761220A5A6C800185C0F /* Base */,
			);
			name = LaunchScreen.storyboard;
			sourceTree = "<group>";
		};
/* End PBXVariantGroup section */

/* Begin XCBuildConfiguration section */
		FF16761520A5A6C800185C0F /* Debug */ = {
			isa = XCBuildConfiguration;
			buildSettings = {
				ALWAYS_SEARCH_USER_PATHS = NO;
				CLANG_ANALYZER_NONNULL = YES;
				CLANG_ANALYZER_NUMBER_OBJECT_CONVERSION = YES_AGGRESSIVE;
				CLANG_CXX_LANGUAGE_STANDARD = "gnu++14";
				CLANG_CXX_LIBRARY = "libc++";
				CLANG_ENABLE_MODULES = YES;
				CLANG_ENABLE_OBJC_ARC = YES;
				CLANG_ENABLE_OBJC_WEAK = YES;
				CLANG_WARN_BLOCK_CAPTURE_AUTORELEASING = YES;
				CLANG_WARN_BOOL_CONVERSION = YES;
				CLANG_WARN_COMMA = YES;
				CLANG_WARN_CONSTANT_CONVERSION = YES;
				CLANG_WARN_DEPRECATED_OBJC_IMPLEMENTATIONS = YES;
				CLANG_WARN_DIRECT_OBJC_ISA_USAGE = YES_ERROR;
				CLANG_WARN_DOCUMENTATION_COMMENTS = YES;
				CLANG_WARN_EMPTY_BODY = YES;
				CLANG_WARN_ENUM_CONVERSION = YES;
				CLANG_WARN_INFINITE_RECURSION = YES;
				CLANG_WARN_INT_CONVERSION = YES;
				CLANG_WARN_NON_LITERAL_NULL_CONVERSION = YES;
				CLANG_WARN_OBJC_IMPLICIT_RETAIN_SELF = YES;
				CLANG_WARN_OBJC_LITERAL_CONVERSION = YES;
				CLANG_WARN_OBJC_ROOT_CLASS = YES_ERROR;
				CLANG_WARN_RANGE_LOOP_ANALYSIS = YES;
				CLANG_WARN_STRICT_PROTOTYPES = YES;
				CLANG_WARN_SUSPICIOUS_MOVE = YES;
				CLANG_WARN_UNGUARDED_AVAILABILITY = YES_AGGRESSIVE;
				CLANG_WARN_UNREACHABLE_CODE = YES;
				CLANG_WARN__DUPLICATE_METHOD_MATCH = YES;
				CODE_SIGN_IDENTITY = "iPhone Developer";
				COPY_PHASE_STRIP = NO;
				DEBUG_INFORMATION_FORMAT = dwarf;
				ENABLE_STRICT_OBJC_MSGSEND = YES;
				ENABLE_TESTABILITY = YES;
				GCC_C_LANGUAGE_STANDARD = gnu11;
				GCC_DYNAMIC_NO_PIC = NO;
				GCC_NO_COMMON_BLOCKS = YES;
				GCC_OPTIMIZATION_LEVEL = 0;
				GCC_PREPROCESSOR_DEFINITIONS = (
					"DEBUG=1",
					"$(inherited)",
				);
				GCC_WARN_64_TO_32_BIT_CONVERSION = YES;
				GCC_WARN_ABOUT_RETURN_TYPE = YES_ERROR;
				GCC_WARN_UNDECLARED_SELECTOR = YES;
				GCC_WARN_UNINITIALIZED_AUTOS = YES_AGGRESSIVE;
				GCC_WARN_UNUSED_FUNCTION = YES;
				GCC_WARN_UNUSED_VARIABLE = YES;
				IPHONEOS_DEPLOYMENT_TARGET = 11.3;
				MTL_ENABLE_DEBUG_INFO = YES;
				ONLY_ACTIVE_ARCH = YES;
				SDKROOT = iphoneos;
				SWIFT_ACTIVE_COMPILATION_CONDITIONS = DEBUG;
				SWIFT_OPTIMIZATION_LEVEL = "-Onone";
			};
			name = Debug;
		};
		FF16761620A5A6C800185C0F /* Release */ = {
			isa = XCBuildConfiguration;
			buildSettings = {
				ALWAYS_SEARCH_USER_PATHS = NO;
				CLANG_ANALYZER_NONNULL = YES;
				CLANG_ANALYZER_NUMBER_OBJECT_CONVERSION = YES_AGGRESSIVE;
				CLANG_CXX_LANGUAGE_STANDARD = "gnu++14";
				CLANG_CXX_LIBRARY = "libc++";
				CLANG_ENABLE_MODULES = YES;
				CLANG_ENABLE_OBJC_ARC = YES;
				CLANG_ENABLE_OBJC_WEAK = YES;
				CLANG_WARN_BLOCK_CAPTURE_AUTORELEASING = YES;
				CLANG_WARN_BOOL_CONVERSION = YES;
				CLANG_WARN_COMMA = YES;
				CLANG_WARN_CONSTANT_CONVERSION = YES;
				CLANG_WARN_DEPRECATED_OBJC_IMPLEMENTATIONS = YES;
				CLANG_WARN_DIRECT_OBJC_ISA_USAGE = YES_ERROR;
				CLANG_WARN_DOCUMENTATION_COMMENTS = YES;
				CLANG_WARN_EMPTY_BODY = YES;
				CLANG_WARN_ENUM_CONVERSION = YES;
				CLANG_WARN_INFINITE_RECURSION = YES;
				CLANG_WARN_INT_CONVERSION = YES;
				CLANG_WARN_NON_LITERAL_NULL_CONVERSION = YES;
				CLANG_WARN_OBJC_IMPLICIT_RETAIN_SELF = YES;
				CLANG_WARN_OBJC_LITERAL_CONVERSION = YES;
				CLANG_WARN_OBJC_ROOT_CLASS = YES_ERROR;
				CLANG_WARN_RANGE_LOOP_ANALYSIS = YES;
				CLANG_WARN_STRICT_PROTOTYPES = YES;
				CLANG_WARN_SUSPICIOUS_MOVE = YES;
				CLANG_WARN_UNGUARDED_AVAILABILITY = YES_AGGRESSIVE;
				CLANG_WARN_UNREACHABLE_CODE = YES;
				CLANG_WARN__DUPLICATE_METHOD_MATCH = YES;
				CODE_SIGN_IDENTITY = "iPhone Developer";
				COPY_PHASE_STRIP = NO;
				DEBUG_INFORMATION_FORMAT = "dwarf-with-dsym";
				ENABLE_NS_ASSERTIONS = NO;
				ENABLE_STRICT_OBJC_MSGSEND = YES;
				GCC_C_LANGUAGE_STANDARD = gnu11;
				GCC_NO_COMMON_BLOCKS = YES;
				GCC_WARN_64_TO_32_BIT_CONVERSION = YES;
				GCC_WARN_ABOUT_RETURN_TYPE = YES_ERROR;
				GCC_WARN_UNDECLARED_SELECTOR = YES;
				GCC_WARN_UNINITIALIZED_AUTOS = YES_AGGRESSIVE;
				GCC_WARN_UNUSED_FUNCTION = YES;
				GCC_WARN_UNUSED_VARIABLE = YES;
				IPHONEOS_DEPLOYMENT_TARGET = 11.3;
				MTL_ENABLE_DEBUG_INFO = NO;
				SDKROOT = iphoneos;
				SWIFT_COMPILATION_MODE = wholemodule;
				SWIFT_OPTIMIZATION_LEVEL = "-O";
				VALIDATE_PRODUCT = YES;
			};
			name = Release;
		};
		FF16761820A5A6C800185C0F /* Debug */ = {
			isa = XCBuildConfiguration;
			buildSettings = {
				ASSETCATALOG_COMPILER_APPICON_NAME = AppIcon;
				CODE_SIGN_STYLE = Automatic;
				DEVELOPMENT_TEAM = MKUH8P8DG6;
				INFOPLIST_FILE = TrackIt/Info.plist;
				LD_RUNPATH_SEARCH_PATHS = (
					"$(inherited)",
					"@executable_path/Frameworks",
				);
				PRODUCT_BUNDLE_IDENTIFIER = com.example.TrackItSB;
				PRODUCT_NAME = "$(TARGET_NAME)";
				SWIFT_VERSION = 4.0;
				TARGETED_DEVICE_FAMILY = "1,2";
			};
			name = Debug;
		};
		FF16761920A5A6C800185C0F /* Release */ = {
			isa = XCBuildConfiguration;
			buildSettings = {
				ASSETCATALOG_COMPILER_APPICON_NAME = AppIcon;
				CODE_SIGN_STYLE = Automatic;
				DEVELOPMENT_TEAM = MKUH8P8DG6;
				INFOPLIST_FILE = TrackIt/Info.plist;
				LD_RUNPATH_SEARCH_PATHS = (
					"$(inherited)",
					"@executable_path/Frameworks",
				);
				PRODUCT_BUNDLE_IDENTIFIER = com.example.TrackItSB;
				PRODUCT_NAME = "$(TARGET_NAME)";
				SWIFT_VERSION = 4.0;
				TARGETED_DEVICE_FAMILY = "1,2";
			};
			name = Release;
		};
/* End XCBuildConfiguration section */

/* Begin XCConfigurationList section */
		FF16760020A5A6C700185C0F /* Build configuration list for PBXProject "TrackIt" */ = {
			isa = XCConfigurationList;
			buildConfigurations = (
				FF16761520A5A6C800185C0F /* Debug */,
				FF16761620A5A6C800185C0F /* Release */,
			);
			defaultConfigurationIsVisible = 0;
			defaultConfigurationName = Release;
		};
		FF16761720A5A6C800185C0F /* Build configuration list for PBXNativeTarget "TrackIt" */ = {
			isa = XCConfigurationList;
			buildConfigurations = (
				FF16761820A5A6C800185C0F /* Debug */,
				FF16761920A5A6C800185C0F /* Release */,
			);
			defaultConfigurationIsVisible = 0;
			defaultConfigurationName = Release;
		};
/* End XCConfigurationList section */
	};
	rootObject = FF1675FD20A5A6C700185C0F /* Project object */;
}
